
Microsoft Visual Studio Solution File, Format Version 12.00
Project("{FAE04EC0-301F-11D3-BF4B-00C04F79EFBC}") = "Atomic.SerialToIp", "Atomic.SerialToIp.csproj", "{FFCC6EA6-71E4-4C23-A55E-45E71579345F}"
EndProject
Global
	GlobalSection(SolutionConfigurationPlatforms) = preSolution
		Debug|Any CPU = Debug|Any CPU
		Release|Any CPU = Release|Any CPU
	EndGlobalSection
	GlobalSection(ProjectConfigurationPlatforms) = postSolution
		{FFCC6EA6-71E4-4C23-A55E-45E71579345F}.Debug|Any CPU.ActiveCfg = Debug|Any CPU
		{FFCC6EA6-71E4-4C23-A55E-45E71579345F}.Debug|Any CPU.Build.0 = Debug|Any CPU
		{FFCC6EA6-71E4-4C23-A55E-45E71579345F}.Release|Any CPU.ActiveCfg = Release|Any CPU
		{FFCC6EA6-71E4-4C23-A55E-45E71579345F}.Release|Any CPU.Build.0 = Release|Any CPU
	EndGlobalSection
EndGlobal
